PODS:
  - FontAwesome.swift (1.0.0)
  - SDWebImage (3.8.1):
    - SDWebImage/Core (= 3.8.1)
  - SDWebImage/Core (3.8.1)

DEPENDENCIES:
  - FontAwesome.swift
  - SDWebImage (= 3.8.1)

SPEC CHECKSUMS:
  FontAwesome.swift: 2d32a3d62195343c2004b7c9043294ed2948553a
  SDWebImage: 35f9627a3e44b4f292a8a8ce6a531fa488239b91

PODFILE CHECKSUM: 23434da54c185b7423880801309f0296de7831ae

COCOAPODS: 1.1.1
