// !$*UTF8*$!
{
	archiveVersion = 1;
	classes = {
	};
	objectVersion = 46;
	objects = {

/* Begin PBXBuildFile section */
		65A0DC0FBF5DCCDFADAC9F05 /* Pods_Loyal_mgr.framework in Frameworks */ = {isa = PBXBuildFile; fileRef = 652DDF5490BBB929930CE742 /* Pods_Loyal_mgr.framework */; };
		B30667701F1A4ACE00511AA5 /* PlaceDetailsFlowCoordinator.swift in Sources */ = {isa = PBXBuildFile; fileRef = B306676F1F1A4ACE00511AA5 /* PlaceDetailsFlowCoordinator.swift */; };
		B30667721F1A4D1E00511AA5 /* PlaceDetails.storyboard in Resources */ = {isa = PBXBuildFile; fileRef = B30667711F1A4D1E00511AA5 /* PlaceDetails.storyboard */; };
		B30667791F1A4DD500511AA5 /* PlaceDetailsViewModel.swift in Sources */ = {isa = PBXBuildFile; fileRef = B30667781F1A4DD500511AA5 /* PlaceDetailsViewModel.swift */; };
		B306677B1F1A4DE400511AA5 /* PlaceDetailsViewController.swift in Sources */ = {isa = PBXBuildFile; fileRef = B306677A1F1A4DE400511AA5 /* PlaceDetailsViewController.swift */; };
		B312D7031F2C9CBB00AC85C8 /* API.swift in Sources */ = {isa = PBXBuildFile; fileRef = B312D7021F2C9CBB00AC85C8 /* API.swift */; };
		B31E601E1EA2390900F2CB77 /* AppDelegate.swift in Sources */ = {isa = PBXBuildFile; fileRef = B31E601D1EA2390900F2CB77 /* AppDelegate.swift */; };
		B31E60201EA2390900F2CB77 /* ViewController.swift in Sources */ = {isa = PBXBuildFile; fileRef = B31E601F1EA2390900F2CB77 /* ViewController.swift */; };
		B31E60231EA2390900F2CB77 /* Main.storyboard in Resources */ = {isa = PBXBuildFile; fileRef = B31E60211EA2390900F2CB77 /* Main.storyboard */; };
		B31E60261EA2390900F2CB77 /* Loyal_mgr.xcdatamodeld in Sources */ = {isa = PBXBuildFile; fileRef = B31E60241EA2390900F2CB77 /* Loyal_mgr.xcdatamodeld */; };
		B31E60281EA2390900F2CB77 /* Assets.xcassets in Resources */ = {isa = PBXBuildFile; fileRef = B31E60271EA2390900F2CB77 /* Assets.xcassets */; };
		B31E602B1EA2390900F2CB77 /* LaunchScreen.storyboard in Resources */ = {isa = PBXBuildFile; fileRef = B31E60291EA2390900F2CB77 /* LaunchScreen.storyboard */; };
		B31E60361EA2390900F2CB77 /* Loyal_mgrTests.swift in Sources */ = {isa = PBXBuildFile; fileRef = B31E60351EA2390900F2CB77 /* Loyal_mgrTests.swift */; };
		B31E60411EA2390900F2CB77 /* Loyal_mgrUITests.swift in Sources */ = {isa = PBXBuildFile; fileRef = B31E60401EA2390900F2CB77 /* Loyal_mgrUITests.swift */; };
		B31E60501EA23A5600F2CB77 /* FlowCoordinator.swift in Sources */ = {isa = PBXBuildFile; fileRef = B31E604F1EA23A5600F2CB77 /* FlowCoordinator.swift */; };
		B31E60551EA23AF800F2CB77 /* SplashFlowCoordinator.swift in Sources */ = {isa = PBXBuildFile; fileRef = B31E60541EA23AF800F2CB77 /* SplashFlowCoordinator.swift */; };
		B31E60581EA23B2A00F2CB77 /* SplashViewController.swift in Sources */ = {isa = PBXBuildFile; fileRef = B31E60571EA23B2A00F2CB77 /* SplashViewController.swift */; };
		B31E605A1EA2443D00F2CB77 /* MainFlowCoordinator.swift in Sources */ = {isa = PBXBuildFile; fileRef = B31E60591EA2443D00F2CB77 /* MainFlowCoordinator.swift */; };
		B31E605F1EA24B8400F2CB77 /* SplashScreen.storyboard in Resources */ = {isa = PBXBuildFile; fileRef = B31E605E1EA24B8400F2CB77 /* SplashScreen.storyboard */; };
		B31E60641EA2570000F2CB77 /* Place.swift in Sources */ = {isa = PBXBuildFile; fileRef = B31E60631EA2570000F2CB77 /* Place.swift */; };
		B31E60661EA276D500F2CB77 /* PlacesFlowCoordinator.swift in Sources */ = {isa = PBXBuildFile; fileRef = B31E60651EA276D500F2CB77 /* PlacesFlowCoordinator.swift */; };
		B31E60681EA2771C00F2CB77 /* PlacesViewController.swift in Sources */ = {isa = PBXBuildFile; fileRef = B31E60671EA2771C00F2CB77 /* PlacesViewController.swift */; };
		B31E606B1EA2774100F2CB77 /* Places.storyboard in Resources */ = {isa = PBXBuildFile; fileRef = B31E606A1EA2774100F2CB77 /* Places.storyboard */; };
		B31E606E1EA27C0000F2CB77 /* PlacesViewModel.swift in Sources */ = {isa = PBXBuildFile; fileRef = B31E606D1EA27C0000F2CB77 /* PlacesViewModel.swift */; };
		B31E60701EA2AA1700F2CB77 /* PlacesListTableViewController.swift in Sources */ = {isa = PBXBuildFile; fileRef = B31E606F1EA2AA1700F2CB77 /* PlacesListTableViewController.swift */; };
		B31E60721EA2AA2900F2CB77 /* PlacesListViewModel.swift in Sources */ = {isa = PBXBuildFile; fileRef = B31E60711EA2AA2900F2CB77 /* PlacesListViewModel.swift */; };
		B31E60741EA388BE00F2CB77 /* PlacesMapViewController.swift in Sources */ = {isa = PBXBuildFile; fileRef = B31E60731EA388BE00F2CB77 /* PlacesMapViewController.swift */; };
		B31E60761EA388D600F2CB77 /* PlacesMapViewModel.swift in Sources */ = {isa = PBXBuildFile; fileRef = B31E60751EA388D600F2CB77 /* PlacesMapViewModel.swift */; };
		B31E60781EA3935A00F2CB77 /* Segmentation.swift in Sources */ = {isa = PBXBuildFile; fileRef = B31E60771EA3935A00F2CB77 /* Segmentation.swift */; };
		B31E607C1EA5159400F2CB77 /* PlaceTableViewCell.swift in Sources */ = {isa = PBXBuildFile; fileRef = B31E607A1EA5159400F2CB77 /* PlaceTableViewCell.swift */; };
		B31E607D1EA5159400F2CB77 /* PlaceTableViewCell.xib in Resources */ = {isa = PBXBuildFile; fileRef = B31E607B1EA5159400F2CB77 /* PlaceTableViewCell.xib */; };
		B31E60811EA5220900F2CB77 /* PlaceCellModel.swift in Sources */ = {isa = PBXBuildFile; fileRef = B31E60801EA5220900F2CB77 /* PlaceCellModel.swift */; };
		B31E60831EA524EA00F2CB77 /* placeImg.jpg in Resources */ = {isa = PBXBuildFile; fileRef = B31E60821EA524EA00F2CB77 /* placeImg.jpg */; };
		B32329D81F2867F000409A2E /* ServiceOrderViewController.swift in Sources */ = {isa = PBXBuildFile; fileRef = B32329D71F2867F000409A2E /* ServiceOrderViewController.swift */; };
		B32329DA1F2867FD00409A2E /* ServiceOrderViewModel.swift in Sources */ = {isa = PBXBuildFile; fileRef = B32329D91F2867FD00409A2E /* ServiceOrderViewModel.swift */; };
		B32329DC1F286F5D00409A2E /* Day.swift in Sources */ = {isa = PBXBuildFile; fileRef = B32329DB1F286F5D00409A2E /* Day.swift */; };
		B32329DE1F289A7C00409A2E /* userDiscounts.json in Resources */ = {isa = PBXBuildFile; fileRef = B32329DD1F289A7C00409A2E /* userDiscounts.json */; };
		B32329E01F28B32200409A2E /* Podfile in Resources */ = {isa = PBXBuildFile; fileRef = B32329DF1F28B32200409A2E /* Podfile */; };
		B32329E51F28BA5700409A2E /* MenuViewController.swift in Sources */ = {isa = PBXBuildFile; fileRef = B32329E41F28BA5700409A2E /* MenuViewController.swift */; };
		B33613371F17D4FD00CFA22F /* placesList.json in Resources */ = {isa = PBXBuildFile; fileRef = B33613361F17D4FD00CFA22F /* placesList.json */; };
		B34791281F30A2AE00BF30F4 /* SettingsViewController.swift in Sources */ = {isa = PBXBuildFile; fileRef = B34791271F30A2AE00BF30F4 /* SettingsViewController.swift */; };
		B347912A1F30A2BE00BF30F4 /* DiscountsViewController.swift in Sources */ = {isa = PBXBuildFile; fileRef = B34791291F30A2BE00BF30F4 /* DiscountsViewController.swift */; };
		B347912C1F30A2CB00BF30F4 /* OrdersViewController.swift in Sources */ = {isa = PBXBuildFile; fileRef = B347912B1F30A2CB00BF30F4 /* OrdersViewController.swift */; };
		B347912E1F30A2FC00BF30F4 /* Discounts.storyboard in Resources */ = {isa = PBXBuildFile; fileRef = B347912D1F30A2FC00BF30F4 /* Discounts.storyboard */; };
		B34791301F30A30900BF30F4 /* Orders.storyboard in Resources */ = {isa = PBXBuildFile; fileRef = B347912F1F30A30900BF30F4 /* Orders.storyboard */; };
		B34791321F30A31800BF30F4 /* Settings.storyboard in Resources */ = {isa = PBXBuildFile; fileRef = B34791311F30A31800BF30F4 /* Settings.storyboard */; };
		B34791341F30A5C100BF30F4 /* SettingsFlowCoordinator.swift in Sources */ = {isa = PBXBuildFile; fileRef = B34791331F30A5C100BF30F4 /* SettingsFlowCoordinator.swift */; };
		B34791361F30A7E400BF30F4 /* DiscountsFlowCoordinator.swift in Sources */ = {isa = PBXBuildFile; fileRef = B34791351F30A7E400BF30F4 /* DiscountsFlowCoordinator.swift */; };
		B34791381F30A81800BF30F4 /* OrdersFlowCoordinator.swift in Sources */ = {isa = PBXBuildFile; fileRef = B34791371F30A81800BF30F4 /* OrdersFlowCoordinator.swift */; };
		B347913F1F30D1E600BF30F4 /* OrderTableViewCell.swift in Sources */ = {isa = PBXBuildFile; fileRef = B347913D1F30D1E600BF30F4 /* OrderTableViewCell.swift */; };
		B34791401F30D1E600BF30F4 /* OrderTableViewCell.xib in Resources */ = {isa = PBXBuildFile; fileRef = B347913E1F30D1E600BF30F4 /* OrderTableViewCell.xib */; };
		B34791421F30D33C00BF30F4 /* OrdersListViewModel.swift in Sources */ = {isa = PBXBuildFile; fileRef = B34791411F30D33C00BF30F4 /* OrdersListViewModel.swift */; };
		B34791441F30D4C300BF30F4 /* Order.swift in Sources */ = {isa = PBXBuildFile; fileRef = B34791431F30D4C300BF30F4 /* Order.swift */; };
		B34791461F30D74500BF30F4 /* Dicounts.swift in Sources */ = {isa = PBXBuildFile; fileRef = B34791451F30D74500BF30F4 /* Dicounts.swift */; };
		B34791481F30D7A400BF30F4 /* DiscountsViewModel.swift in Sources */ = {isa = PBXBuildFile; fileRef = B34791471F30D7A400BF30F4 /* DiscountsViewModel.swift */; };
		B347914A1F30D7BD00BF30F4 /* SettingsViewModel.swift in Sources */ = {isa = PBXBuildFile; fileRef = B34791491F30D7BD00BF30F4 /* SettingsViewModel.swift */; };
		B347914E1F30D83A00BF30F4 /* DiscountTableViewCell.swift in Sources */ = {isa = PBXBuildFile; fileRef = B347914C1F30D83A00BF30F4 /* DiscountTableViewCell.swift */; };
		B347914F1F30D83A00BF30F4 /* DiscountTableViewCell.xib in Resources */ = {isa = PBXBuildFile; fileRef = B347914D1F30D83A00BF30F4 /* DiscountTableViewCell.xib */; };
		B34791511F30E1C600BF30F4 /* Authorization.storyboard in Resources */ = {isa = PBXBuildFile; fileRef = B34791501F30E1C600BF30F4 /* Authorization.storyboard */; };
		B34791561F30E2F400BF30F4 /* AuthorizationViewController.swift in Sources */ = {isa = PBXBuildFile; fileRef = B34791551F30E2F400BF30F4 /* AuthorizationViewController.swift */; };
		B34791581F30E44000BF30F4 /* AuthorizationFlowCoordinator.swift in Sources */ = {isa = PBXBuildFile; fileRef = B34791571F30E44000BF30F4 /* AuthorizationFlowCoordinator.swift */; };
		B39DD1321F275372009499F5 /* CoreLocation.framework in Frameworks */ = {isa = PBXBuildFile; fileRef = B39DD1311F275372009499F5 /* CoreLocation.framework */; };
		B39DD1371F2773C0009499F5 /* UserLocManager.swift in Sources */ = {isa = PBXBuildFile; fileRef = B39DD1361F2773C0009499F5 /* UserLocManager.swift */; };
		B39DD13C1F2791C9009499F5 /* PlaceServicesTableViewController.swift in Sources */ = {isa = PBXBuildFile; fileRef = B39DD13B1F2791C9009499F5 /* PlaceServicesTableViewController.swift */; };
		B39DD1401F279A21009499F5 /* ServiceTableViewCell.swift in Sources */ = {isa = PBXBuildFile; fileRef = B39DD13E1F279A21009499F5 /* ServiceTableViewCell.swift */; };
		B39DD1411F279A21009499F5 /* ServiceTableViewCell.xib in Resources */ = {isa = PBXBuildFile; fileRef = B39DD13F1F279A21009499F5 /* ServiceTableViewCell.xib */; };
		B39DD1431F279C26009499F5 /* ServiceCellViewModel.swift in Sources */ = {isa = PBXBuildFile; fileRef = B39DD1421F279C26009499F5 /* ServiceCellViewModel.swift */; };
		B39DD1451F279EA7009499F5 /* PlaceServicesViewModel.swift in Sources */ = {isa = PBXBuildFile; fileRef = B39DD1441F279EA7009499F5 /* PlaceServicesViewModel.swift */; };
		B39DD1471F279EEE009499F5 /* Service.swift in Sources */ = {isa = PBXBuildFile; fileRef = B39DD1461F279EEE009499F5 /* Service.swift */; };
		B39DD1491F27A345009499F5 /* servicesList.json in Resources */ = {isa = PBXBuildFile; fileRef = B39DD1481F27A345009499F5 /* servicesList.json */; };
		B39DD14E1F27DD65009499F5 /* ServiceDetailsViewController.swift in Sources */ = {isa = PBXBuildFile; fileRef = B39DD14D1F27DD65009499F5 /* ServiceDetailsViewController.swift */; };
		B39DD1501F27DF8A009499F5 /* ServiceDetailsViewModel.swift in Sources */ = {isa = PBXBuildFile; fileRef = B39DD14F1F27DF8A009499F5 /* ServiceDetailsViewModel.swift */; };
		B3C91D3F1F312A3E0091D708 /* LoginViewController.swift in Sources */ = {isa = PBXBuildFile; fileRef = B3C91D3E1F312A3E0091D708 /* LoginViewController.swift */; };
		B3C91D411F312A4C0091D708 /* RegisterViewController.swift in Sources */ = {isa = PBXBuildFile; fileRef = B3C91D401F312A4C0091D708 /* RegisterViewController.swift */; };
		B3C91D431F312AB80091D708 /* AuthorizationViewModel.swift in Sources */ = {isa = PBXBuildFile; fileRef = B3C91D421F312AB80091D708 /* AuthorizationViewModel.swift */; };
		B3C91D451F312AFD0091D708 /* LoginViewModel.swift in Sources */ = {isa = PBXBuildFile; fileRef = B3C91D441F312AFD0091D708 /* LoginViewModel.swift */; };
		B3C91D471F312B0D0091D708 /* RegisterViewModel.swift in Sources */ = {isa = PBXBuildFile; fileRef = B3C91D461F312B0D0091D708 /* RegisterViewModel.swift */; };
		B3C91D491F3141F70091D708 /* FormTableViewCell.swift in Sources */ = {isa = PBXBuildFile; fileRef = B3C91D481F3141F70091D708 /* FormTableViewCell.swift */; };
/* End PBXBuildFile section */

/* Begin PBXContainerItemProxy section */
		B31E60321EA2390900F2CB77 /* PBXContainerItemProxy */ = {
			isa = PBXContainerItemProxy;
			containerPortal = B31E60121EA2390900F2CB77 /* Project object */;
			proxyType = 1;
			remoteGlobalIDString = B31E60191EA2390900F2CB77;
			remoteInfo = "Loyal mgr";
		};
		B31E603D1EA2390900F2CB77 /* PBXContainerItemProxy */ = {
			isa = PBXContainerItemProxy;
			containerPortal = B31E60121EA2390900F2CB77 /* Project object */;
			proxyType = 1;
			remoteGlobalIDString = B31E60191EA2390900F2CB77;
			remoteInfo = "Loyal mgr";
		};
/* End PBXContainerItemProxy section */

/* Begin PBXFileReference section */
		652DDF5490BBB929930CE742 /* Pods_Loyal_mgr.framework */ = {isa = PBXFileReference; explicitFileType = wrapper.framework; includeInIndex = 0; path = Pods_Loyal_mgr.framework; sourceTree = BUILT_PRODUCTS_DIR; };
		6F102590488CC764D2CF7EB3 /* Pods-Loyal mgr.debug.xcconfig */ = {isa = PBXFileReference; includeInIndex = 1; lastKnownFileType = text.xcconfig; name = "Pods-Loyal mgr.debug.xcconfig"; path = "Pods/Target Support Files/Pods-Loyal mgr/Pods-Loyal mgr.debug.xcconfig"; sourceTree = "<group>"; };
		B07A171D2354A91641B81D08 /* Pods-Loyal mgr.release.xcconfig */ = {isa = PBXFileReference; includeInIndex = 1; lastKnownFileType = text.xcconfig; name = "Pods-Loyal mgr.release.xcconfig"; path = "Pods/Target Support Files/Pods-Loyal mgr/Pods-Loyal mgr.release.xcconfig"; sourceTree = "<group>"; };
		B306676F1F1A4ACE00511AA5 /* PlaceDetailsFlowCoordinator.swift */ = {isa = PBXFileReference; fileEncoding = 4; lastKnownFileType = sourcecode.swift; path = PlaceDetailsFlowCoordinator.swift; sourceTree = "<group>"; };
		B30667711F1A4D1E00511AA5 /* PlaceDetails.storyboard */ = {isa = PBXFileReference; fileEncoding = 4; lastKnownFileType = file.storyboard; path = PlaceDetails.storyboard; sourceTree = "<group>"; };
		B30667781F1A4DD500511AA5 /* PlaceDetailsViewModel.swift */ = {isa = PBXFileReference; fileEncoding = 4; lastKnownFileType = sourcecode.swift; path = PlaceDetailsViewModel.swift; sourceTree = "<group>"; };
		B306677A1F1A4DE400511AA5 /* PlaceDetailsViewController.swift */ = {isa = PBXFileReference; fileEncoding = 4; lastKnownFileType = sourcecode.swift; path = PlaceDetailsViewController.swift; sourceTree = "<group>"; };
		B312D7021F2C9CBB00AC85C8 /* API.swift */ = {isa = PBXFileReference; fileEncoding = 4; lastKnownFileType = sourcecode.swift; path = API.swift; sourceTree = "<group>"; };
		B31E601A1EA2390900F2CB77 /* Loyal mgr.app */ = {isa = PBXFileReference; explicitFileType = wrapper.application; includeInIndex = 0; path = "Loyal mgr.app"; sourceTree = BUILT_PRODUCTS_DIR; };
		B31E601D1EA2390900F2CB77 /* AppDelegate.swift */ = {isa = PBXFileReference; lastKnownFileType = sourcecode.swift; path = AppDelegate.swift; sourceTree = "<group>"; };
		B31E601F1EA2390900F2CB77 /* ViewController.swift */ = {isa = PBXFileReference; lastKnownFileType = sourcecode.swift; path = ViewController.swift; sourceTree = "<group>"; };
		B31E60221EA2390900F2CB77 /* Base */ = {isa = PBXFileReference; lastKnownFileType = file.storyboard; name = Base; path = Base.lproj/Main.storyboard; sourceTree = "<group>"; };
		B31E60251EA2390900F2CB77 /* Loyal_mgr.xcdatamodel */ = {isa = PBXFileReference; lastKnownFileType = wrapper.xcdatamodel; path = Loyal_mgr.xcdatamodel; sourceTree = "<group>"; };
		B31E60271EA2390900F2CB77 /* Assets.xcassets */ = {isa = PBXFileReference; lastKnownFileType = folder.assetcatalog; path = Assets.xcassets; sourceTree = "<group>"; };
		B31E602A1EA2390900F2CB77 /* Base */ = {isa = PBXFileReference; lastKnownFileType = file.storyboard; name = Base; path = Base.lproj/LaunchScreen.storyboard; sourceTree = "<group>"; };
		B31E602C1EA2390900F2CB77 /* Info.plist */ = {isa = PBXFileReference; lastKnownFileType = text.plist.xml; path = Info.plist; sourceTree = "<group>"; };
		B31E60311EA2390900F2CB77 /* Loyal mgrTests.xctest */ = {isa = PBXFileReference; explicitFileType = wrapper.cfbundle; includeInIndex = 0; path = "Loyal mgrTests.xctest"; sourceTree = BUILT_PRODUCTS_DIR; };
		B31E60351EA2390900F2CB77 /* Loyal_mgrTests.swift */ = {isa = PBXFileReference; lastKnownFileType = sourcecode.swift; path = Loyal_mgrTests.swift; sourceTree = "<group>"; };
		B31E60371EA2390900F2CB77 /* Info.plist */ = {isa = PBXFileReference; lastKnownFileType = text.plist.xml; path = Info.plist; sourceTree = "<group>"; };
		B31E603C1EA2390900F2CB77 /* Loyal mgrUITests.xctest */ = {isa = PBXFileReference; explicitFileType = wrapper.cfbundle; includeInIndex = 0; path = "Loyal mgrUITests.xctest"; sourceTree = BUILT_PRODUCTS_DIR; };
		B31E60401EA2390900F2CB77 /* Loyal_mgrUITests.swift */ = {isa = PBXFileReference; lastKnownFileType = sourcecode.swift; path = Loyal_mgrUITests.swift; sourceTree = "<group>"; };
		B31E60421EA2390900F2CB77 /* Info.plist */ = {isa = PBXFileReference; lastKnownFileType = text.plist.xml; path = Info.plist; sourceTree = "<group>"; };
		B31E604F1EA23A5600F2CB77 /* FlowCoordinator.swift */ = {isa = PBXFileReference; fileEncoding = 4; lastKnownFileType = sourcecode.swift; path = FlowCoordinator.swift; sourceTree = "<group>"; };
		B31E60541EA23AF800F2CB77 /* SplashFlowCoordinator.swift */ = {isa = PBXFileReference; fileEncoding = 4; lastKnownFileType = sourcecode.swift; path = SplashFlowCoordinator.swift; sourceTree = "<group>"; };
		B31E60571EA23B2A00F2CB77 /* SplashViewController.swift */ = {isa = PBXFileReference; fileEncoding = 4; lastKnownFileType = sourcecode.swift; path = SplashViewController.swift; sourceTree = "<group>"; };
		B31E60591EA2443D00F2CB77 /* MainFlowCoordinator.swift */ = {isa = PBXFileReference; fileEncoding = 4; lastKnownFileType = sourcecode.swift; path = MainFlowCoordinator.swift; sourceTree = "<group>"; };
		B31E605E1EA24B8400F2CB77 /* SplashScreen.storyboard */ = {isa = PBXFileReference; fileEncoding = 4; lastKnownFileType = file.storyboard; path = SplashScreen.storyboard; sourceTree = "<group>"; };
		B31E60631EA2570000F2CB77 /* Place.swift */ = {isa = PBXFileReference; fileEncoding = 4; lastKnownFileType = sourcecode.swift; path = Place.swift; sourceTree = "<group>"; };
		B31E60651EA276D500F2CB77 /* PlacesFlowCoordinator.swift */ = {isa = PBXFileReference; fileEncoding = 4; lastKnownFileType = sourcecode.swift; path = PlacesFlowCoordinator.swift; sourceTree = "<group>"; };
		B31E60671EA2771C00F2CB77 /* PlacesViewController.swift */ = {isa = PBXFileReference; fileEncoding = 4; lastKnownFileType = sourcecode.swift; path = PlacesViewController.swift; sourceTree = "<group>"; };
		B31E606A1EA2774100F2CB77 /* Places.storyboard */ = {isa = PBXFileReference; fileEncoding = 4; lastKnownFileType = file.storyboard; path = Places.storyboard; sourceTree = "<group>"; };
		B31E606D1EA27C0000F2CB77 /* PlacesViewModel.swift */ = {isa = PBXFileReference; fileEncoding = 4; lastKnownFileType = sourcecode.swift; path = PlacesViewModel.swift; sourceTree = "<group>"; };
		B31E606F1EA2AA1700F2CB77 /* PlacesListTableViewController.swift */ = {isa = PBXFileReference; fileEncoding = 4; lastKnownFileType = sourcecode.swift; path = PlacesListTableViewController.swift; sourceTree = "<group>"; };
		B31E60711EA2AA2900F2CB77 /* PlacesListViewModel.swift */ = {isa = PBXFileReference; fileEncoding = 4; lastKnownFileType = sourcecode.swift; path = PlacesListViewModel.swift; sourceTree = "<group>"; };
		B31E60731EA388BE00F2CB77 /* PlacesMapViewController.swift */ = {isa = PBXFileReference; fileEncoding = 4; lastKnownFileType = sourcecode.swift; path = PlacesMapViewController.swift; sourceTree = "<group>"; };
		B31E60751EA388D600F2CB77 /* PlacesMapViewModel.swift */ = {isa = PBXFileReference; fileEncoding = 4; lastKnownFileType = sourcecode.swift; path = PlacesMapViewModel.swift; sourceTree = "<group>"; };
		B31E60771EA3935A00F2CB77 /* Segmentation.swift */ = {isa = PBXFileReference; fileEncoding = 4; lastKnownFileType = sourcecode.swift; path = Segmentation.swift; sourceTree = "<group>"; };
		B31E607A1EA5159400F2CB77 /* PlaceTableViewCell.swift */ = {isa = PBXFileReference; fileEncoding = 4; lastKnownFileType = sourcecode.swift; path = PlaceTableViewCell.swift; sourceTree = "<group>"; };
		B31E607B1EA5159400F2CB77 /* PlaceTableViewCell.xib */ = {isa = PBXFileReference; fileEncoding = 4; lastKnownFileType = file.xib; path = PlaceTableViewCell.xib; sourceTree = "<group>"; };
		B31E60801EA5220900F2CB77 /* PlaceCellModel.swift */ = {isa = PBXFileReference; fileEncoding = 4; lastKnownFileType = sourcecode.swift; path = PlaceCellModel.swift; sourceTree = "<group>"; };
		B31E60821EA524EA00F2CB77 /* placeImg.jpg */ = {isa = PBXFileReference; lastKnownFileType = image.jpeg; path = placeImg.jpg; sourceTree = "<group>"; };
		B32329D71F2867F000409A2E /* ServiceOrderViewController.swift */ = {isa = PBXFileReference; fileEncoding = 4; lastKnownFileType = sourcecode.swift; path = ServiceOrderViewController.swift; sourceTree = "<group>"; };
		B32329D91F2867FD00409A2E /* ServiceOrderViewModel.swift */ = {isa = PBXFileReference; fileEncoding = 4; lastKnownFileType = sourcecode.swift; path = ServiceOrderViewModel.swift; sourceTree = "<group>"; };
		B32329DB1F286F5D00409A2E /* Day.swift */ = {isa = PBXFileReference; fileEncoding = 4; lastKnownFileType = sourcecode.swift; path = Day.swift; sourceTree = "<group>"; };
		B32329DD1F289A7C00409A2E /* userDiscounts.json */ = {isa = PBXFileReference; fileEncoding = 4; lastKnownFileType = text.json; path = userDiscounts.json; sourceTree = "<group>"; };
		B32329DF1F28B32200409A2E /* Podfile */ = {isa = PBXFileReference; fileEncoding = 4; lastKnownFileType = text; path = Podfile; sourceTree = "<group>"; xcLanguageSpecificationIdentifier = xcode.lang.ruby; };
		B32329E41F28BA5700409A2E /* MenuViewController.swift */ = {isa = PBXFileReference; fileEncoding = 4; lastKnownFileType = sourcecode.swift; path = MenuViewController.swift; sourceTree = "<group>"; };
		B33613361F17D4FD00CFA22F /* placesList.json */ = {isa = PBXFileReference; fileEncoding = 4; lastKnownFileType = text.json; path = placesList.json; sourceTree = "<group>"; };
		B34791271F30A2AE00BF30F4 /* SettingsViewController.swift */ = {isa = PBXFileReference; fileEncoding = 4; lastKnownFileType = sourcecode.swift; path = SettingsViewController.swift; sourceTree = "<group>"; };
		B34791291F30A2BE00BF30F4 /* DiscountsViewController.swift */ = {isa = PBXFileReference; fileEncoding = 4; lastKnownFileType = sourcecode.swift; path = DiscountsViewController.swift; sourceTree = "<group>"; };
		B347912B1F30A2CB00BF30F4 /* OrdersViewController.swift */ = {isa = PBXFileReference; fileEncoding = 4; lastKnownFileType = sourcecode.swift; path = OrdersViewController.swift; sourceTree = "<group>"; };
		B347912D1F30A2FC00BF30F4 /* Discounts.storyboard */ = {isa = PBXFileReference; fileEncoding = 4; lastKnownFileType = file.storyboard; path = Discounts.storyboard; sourceTree = "<group>"; };
		B347912F1F30A30900BF30F4 /* Orders.storyboard */ = {isa = PBXFileReference; fileEncoding = 4; lastKnownFileType = file.storyboard; path = Orders.storyboard; sourceTree = "<group>"; };
		B34791311F30A31800BF30F4 /* Settings.storyboard */ = {isa = PBXFileReference; fileEncoding = 4; lastKnownFileType = file.storyboard; path = Settings.storyboard; sourceTree = "<group>"; };
		B34791331F30A5C100BF30F4 /* SettingsFlowCoordinator.swift */ = {isa = PBXFileReference; fileEncoding = 4; lastKnownFileType = sourcecode.swift; path = SettingsFlowCoordinator.swift; sourceTree = "<group>"; };
		B34791351F30A7E400BF30F4 /* DiscountsFlowCoordinator.swift */ = {isa = PBXFileReference; fileEncoding = 4; lastKnownFileType = sourcecode.swift; path = DiscountsFlowCoordinator.swift; sourceTree = "<group>"; };
		B34791371F30A81800BF30F4 /* OrdersFlowCoordinator.swift */ = {isa = PBXFileReference; fileEncoding = 4; lastKnownFileType = sourcecode.swift; path = OrdersFlowCoordinator.swift; sourceTree = "<group>"; };
		B347913D1F30D1E600BF30F4 /* OrderTableViewCell.swift */ = {isa = PBXFileReference; fileEncoding = 4; lastKnownFileType = sourcecode.swift; path = OrderTableViewCell.swift; sourceTree = "<group>"; };
		B347913E1F30D1E600BF30F4 /* OrderTableViewCell.xib */ = {isa = PBXFileReference; fileEncoding = 4; lastKnownFileType = file.xib; path = OrderTableViewCell.xib; sourceTree = "<group>"; };
		B34791411F30D33C00BF30F4 /* OrdersListViewModel.swift */ = {isa = PBXFileReference; fileEncoding = 4; lastKnownFileType = sourcecode.swift; path = OrdersListViewModel.swift; sourceTree = "<group>"; };
		B34791431F30D4C300BF30F4 /* Order.swift */ = {isa = PBXFileReference; fileEncoding = 4; lastKnownFileType = sourcecode.swift; path = Order.swift; sourceTree = "<group>"; };
		B34791451F30D74500BF30F4 /* Dicounts.swift */ = {isa = PBXFileReference; fileEncoding = 4; lastKnownFileType = sourcecode.swift; path = Dicounts.swift; sourceTree = "<group>"; };
		B34791471F30D7A400BF30F4 /* DiscountsViewModel.swift */ = {isa = PBXFileReference; fileEncoding = 4; lastKnownFileType = sourcecode.swift; path = DiscountsViewModel.swift; sourceTree = "<group>"; };
		B34791491F30D7BD00BF30F4 /* SettingsViewModel.swift */ = {isa = PBXFileReference; fileEncoding = 4; lastKnownFileType = sourcecode.swift; path = SettingsViewModel.swift; sourceTree = "<group>"; };
		B347914C1F30D83A00BF30F4 /* DiscountTableViewCell.swift */ = {isa = PBXFileReference; fileEncoding = 4; lastKnownFileType = sourcecode.swift; path = DiscountTableViewCell.swift; sourceTree = "<group>"; };
		B347914D1F30D83A00BF30F4 /* DiscountTableViewCell.xib */ = {isa = PBXFileReference; fileEncoding = 4; lastKnownFileType = file.xib; path = DiscountTableViewCell.xib; sourceTree = "<group>"; };
		B34791501F30E1C600BF30F4 /* Authorization.storyboard */ = {isa = PBXFileReference; fileEncoding = 4; lastKnownFileType = file.storyboard; path = Authorization.storyboard; sourceTree = "<group>"; };
		B34791551F30E2F400BF30F4 /* AuthorizationViewController.swift */ = {isa = PBXFileReference; fileEncoding = 4; lastKnownFileType = sourcecode.swift; path = AuthorizationViewController.swift; sourceTree = "<group>"; };
		B34791571F30E44000BF30F4 /* AuthorizationFlowCoordinator.swift */ = {isa = PBXFileReference; fileEncoding = 4; lastKnownFileType = sourcecode.swift; path = AuthorizationFlowCoordinator.swift; sourceTree = "<group>"; };
		B39DD1311F275372009499F5 /* CoreLocation.framework */ = {isa = PBXFileReference; lastKnownFileType = wrapper.framework; name = CoreLocation.framework; path = System/Library/Frameworks/CoreLocation.framework; sourceTree = SDKROOT; };
		B39DD1361F2773C0009499F5 /* UserLocManager.swift */ = {isa = PBXFileReference; fileEncoding = 4; lastKnownFileType = sourcecode.swift; path = UserLocManager.swift; sourceTree = "<group>"; };
		B39DD13B1F2791C9009499F5 /* PlaceServicesTableViewController.swift */ = {isa = PBXFileReference; fileEncoding = 4; lastKnownFileType = sourcecode.swift; path = PlaceServicesTableViewController.swift; sourceTree = "<group>"; };
		B39DD13E1F279A21009499F5 /* ServiceTableViewCell.swift */ = {isa = PBXFileReference; fileEncoding = 4; lastKnownFileType = sourcecode.swift; path = ServiceTableViewCell.swift; sourceTree = "<group>"; };
		B39DD13F1F279A21009499F5 /* ServiceTableViewCell.xib */ = {isa = PBXFileReference; fileEncoding = 4; lastKnownFileType = file.xib; path = ServiceTableViewCell.xib; sourceTree = "<group>"; };
		B39DD1421F279C26009499F5 /* ServiceCellViewModel.swift */ = {isa = PBXFileReference; fileEncoding = 4; lastKnownFileType = sourcecode.swift; path = ServiceCellViewModel.swift; sourceTree = "<group>"; };
		B39DD1441F279EA7009499F5 /* PlaceServicesViewModel.swift */ = {isa = PBXFileReference; fileEncoding = 4; lastKnownFileType = sourcecode.swift; path = PlaceServicesViewModel.swift; sourceTree = "<group>"; };
		B39DD1461F279EEE009499F5 /* Service.swift */ = {isa = PBXFileReference; fileEncoding = 4; lastKnownFileType = sourcecode.swift; path = Service.swift; sourceTree = "<group>"; };
		B39DD1481F27A345009499F5 /* servicesList.json */ = {isa = PBXFileReference; fileEncoding = 4; lastKnownFileType = text.json; path = servicesList.json; sourceTree = "<group>"; };
		B39DD14D1F27DD65009499F5 /* ServiceDetailsViewController.swift */ = {isa = PBXFileReference; fileEncoding = 4; lastKnownFileType = sourcecode.swift; path = ServiceDetailsViewController.swift; sourceTree = "<group>"; };
		B39DD14F1F27DF8A009499F5 /* ServiceDetailsViewModel.swift */ = {isa = PBXFileReference; fileEncoding = 4; lastKnownFileType = sourcecode.swift; path = ServiceDetailsViewModel.swift; sourceTree = "<group>"; };
		B3C91D3E1F312A3E0091D708 /* LoginViewController.swift */ = {isa = PBXFileReference; fileEncoding = 4; lastKnownFileType = sourcecode.swift; path = LoginViewController.swift; sourceTree = "<group>"; };
		B3C91D401F312A4C0091D708 /* RegisterViewController.swift */ = {isa = PBXFileReference; fileEncoding = 4; lastKnownFileType = sourcecode.swift; path = RegisterViewController.swift; sourceTree = "<group>"; };
		B3C91D421F312AB80091D708 /* AuthorizationViewModel.swift */ = {isa = PBXFileReference; fileEncoding = 4; lastKnownFileType = sourcecode.swift; path = AuthorizationViewModel.swift; sourceTree = "<group>"; };
		B3C91D441F312AFD0091D708 /* LoginViewModel.swift */ = {isa = PBXFileReference; fileEncoding = 4; lastKnownFileType = sourcecode.swift; path = LoginViewModel.swift; sourceTree = "<group>"; };
		B3C91D461F312B0D0091D708 /* RegisterViewModel.swift */ = {isa = PBXFileReference; fileEncoding = 4; lastKnownFileType = sourcecode.swift; path = RegisterViewModel.swift; sourceTree = "<group>"; };
		B3C91D481F3141F70091D708 /* FormTableViewCell.swift */ = {isa = PBXFileReference; fileEncoding = 4; lastKnownFileType = sourcecode.swift; path = FormTableViewCell.swift; sourceTree = "<group>"; };
/* End PBXFileReference section */

/* Begin PBXFrameworksBuildPhase section */
		B31E60171EA2390900F2CB77 /* Frameworks */ = {
			isa = PBXFrameworksBuildPhase;
			buildActionMask = 2147483647;
			files = (
				B39DD1321F275372009499F5 /* CoreLocation.framework in Frameworks */,
				65A0DC0FBF5DCCDFADAC9F05 /* Pods_Loyal_mgr.framework in Frameworks */,
			);
			runOnlyForDeploymentPostprocessing = 0;
		};
		B31E602E1EA2390900F2CB77 /* Frameworks */ = {
			isa = PBXFrameworksBuildPhase;
			buildActionMask = 2147483647;
			files = (
			);
			runOnlyForDeploymentPostprocessing = 0;
		};
		B31E60391EA2390900F2CB77 /* Frameworks */ = {
			isa = PBXFrameworksBuildPhase;
			buildActionMask = 2147483647;
			files = (
			);
			runOnlyForDeploymentPostprocessing = 0;
		};
/* End PBXFrameworksBuildPhase section */

/* Begin PBXGroup section */
		98BCFEF07123DA244C075419 /* Frameworks */ = {
			isa = PBXGroup;
			children = (
				B39DD1311F275372009499F5 /* CoreLocation.framework */,
				652DDF5490BBB929930CE742 /* Pods_Loyal_mgr.framework */,
			);
			name = Frameworks;
			sourceTree = "<group>";
		};
		B306676E1F1A466300511AA5 /* PlaceDetails */ = {
			isa = PBXGroup;
			children = (
				B32329D41F28675800409A2E /* ServiceOrder */,
				B39DD14A1F27DD30009499F5 /* ServiceDetails */,
				B39DD1381F27914B009499F5 /* PlaceServices */,
				B30667731F1A4D8B00511AA5 /* PlaceDetails */,
				B306676F1F1A4ACE00511AA5 /* PlaceDetailsFlowCoordinator.swift */,
			);
			name = PlaceDetails;
			sourceTree = "<group>";
		};
		B30667731F1A4D8B00511AA5 /* PlaceDetails */ = {
			isa = PBXGroup;
			children = (
				B30667771F1A4DBE00511AA5 /* VM */,
				B30667761F1A4DB200511AA5 /* VC */,
			);
			name = PlaceDetails;
			sourceTree = "<group>";
		};
		B30667761F1A4DB200511AA5 /* VC */ = {
			isa = PBXGroup;
			children = (
				B306677A1F1A4DE400511AA5 /* PlaceDetailsViewController.swift */,
			);
			name = VC;
			sourceTree = "<group>";
		};
		B30667771F1A4DBE00511AA5 /* VM */ = {
			isa = PBXGroup;
			children = (
				B30667781F1A4DD500511AA5 /* PlaceDetailsViewModel.swift */,
			);
			name = VM;
			sourceTree = "<group>";
		};
		B31E60111EA2390900F2CB77 = {
			isa = PBXGroup;
			children = (
				B32329DF1F28B32200409A2E /* Podfile */,
				B31E601C1EA2390900F2CB77 /* Loyal mgr */,
				B31E60341EA2390900F2CB77 /* Loyal mgrTests */,
				B31E603F1EA2390900F2CB77 /* Loyal mgrUITests */,
				B31E601B1EA2390900F2CB77 /* Products */,
				FF0526BC44C9BA326C972C3E /* Pods */,
				98BCFEF07123DA244C075419 /* Frameworks */,
			);
			sourceTree = "<group>";
		};
		B31E601B1EA2390900F2CB77 /* Products */ = {
			isa = PBXGroup;
			children = (
				B31E601A1EA2390900F2CB77 /* Loyal mgr.app */,
				B31E60311EA2390900F2CB77 /* Loyal mgrTests.xctest */,
				B31E603C1EA2390900F2CB77 /* Loyal mgrUITests.xctest */,
			);
			name = Products;
			sourceTree = "<group>";
		};
		B31E601C1EA2390900F2CB77 /* Loyal mgr */ = {
			isa = PBXGroup;
			children = (
				B39DD1331F277368009499F5 /* Tools */,
				B31E60611EA2569C00F2CB77 /* Models */,
				B31E60621EA256BD00F2CB77 /* Components */,
				B31E604E1EA23A3E00F2CB77 /* FlowCoordinators */,
				B31E601D1EA2390900F2CB77 /* AppDelegate.swift */,
				B31E601F1EA2390900F2CB77 /* ViewController.swift */,
				B31E60211EA2390900F2CB77 /* Main.storyboard */,
				B31E605B1EA24AAA00F2CB77 /* UI */,
				B31E60271EA2390900F2CB77 /* Assets.xcassets */,
				B31E60821EA524EA00F2CB77 /* placeImg.jpg */,
				B33613351F17D47A00CFA22F /* Supporting files */,
				B31E60291EA2390900F2CB77 /* LaunchScreen.storyboard */,
				B31E602C1EA2390900F2CB77 /* Info.plist */,
				B31E60241EA2390900F2CB77 /* Loyal_mgr.xcdatamodeld */,
			);
			path = "Loyal mgr";
			sourceTree = "<group>";
		};
		B31E60341EA2390900F2CB77 /* Loyal mgrTests */ = {
			isa = PBXGroup;
			children = (
				B31E60351EA2390900F2CB77 /* Loyal_mgrTests.swift */,
				B31E60371EA2390900F2CB77 /* Info.plist */,
			);
			path = "Loyal mgrTests";
			sourceTree = "<group>";
		};
		B31E603F1EA2390900F2CB77 /* Loyal mgrUITests */ = {
			isa = PBXGroup;
			children = (
				B31E60401EA2390900F2CB77 /* Loyal_mgrUITests.swift */,
				B31E60421EA2390900F2CB77 /* Info.plist */,
			);
			path = "Loyal mgrUITests";
			sourceTree = "<group>";
		};
		B31E604E1EA23A3E00F2CB77 /* FlowCoordinators */ = {
			isa = PBXGroup;
			children = (
				B31E604F1EA23A5600F2CB77 /* FlowCoordinator.swift */,
				B31E60591EA2443D00F2CB77 /* MainFlowCoordinator.swift */,
			);
			name = FlowCoordinators;
			sourceTree = "<group>";
		};
		B31E60531EA23AC800F2CB77 /* Splash */ = {
			isa = PBXGroup;
			children = (
				B31E60541EA23AF800F2CB77 /* SplashFlowCoordinator.swift */,
				B31E60561EA23B0B00F2CB77 /* VC */,
			);
			name = Splash;
			sourceTree = "<group>";
		};
		B31E60561EA23B0B00F2CB77 /* VC */ = {
			isa = PBXGroup;
			children = (
				B31E60571EA23B2A00F2CB77 /* SplashViewController.swift */,
			);
			name = VC;
			sourceTree = "<group>";
		};
		B31E605B1EA24AAA00F2CB77 /* UI */ = {
			isa = PBXGroup;
			children = (
				B31E605C1EA24AB900F2CB77 /* UIComponents */,
				B31E605D1EA24AC500F2CB77 /* Storyboard */,
			);
			name = UI;
			sourceTree = "<group>";
		};
		B31E605C1EA24AB900F2CB77 /* UIComponents */ = {
			isa = PBXGroup;
			children = (
				B31E60771EA3935A00F2CB77 /* Segmentation.swift */,
			);
			name = UIComponents;
			sourceTree = "<group>";
		};
		B31E605D1EA24AC500F2CB77 /* Storyboard */ = {
			isa = PBXGroup;
			children = (
				B31E605E1EA24B8400F2CB77 /* SplashScreen.storyboard */,
				B31E606A1EA2774100F2CB77 /* Places.storyboard */,
				B30667711F1A4D1E00511AA5 /* PlaceDetails.storyboard */,
				B34791311F30A31800BF30F4 /* Settings.storyboard */,
				B347912D1F30A2FC00BF30F4 /* Discounts.storyboard */,
				B347912F1F30A30900BF30F4 /* Orders.storyboard */,
				B34791501F30E1C600BF30F4 /* Authorization.storyboard */,
			);
			name = Storyboard;
			sourceTree = "<group>";
		};
		B31E60601EA2563D00F2CB77 /* Places List */ = {
			isa = PBXGroup;
			children = (
				B31E606C1EA27BD300F2CB77 /* VM */,
				B31E60691EA2772200F2CB77 /* VC */,
				B31E60651EA276D500F2CB77 /* PlacesFlowCoordinator.swift */,
			);
			name = "Places List";
			sourceTree = "<group>";
		};
		B31E60611EA2569C00F2CB77 /* Models */ = {
			isa = PBXGroup;
			children = (
				B31E60631EA2570000F2CB77 /* Place.swift */,
				B39DD1461F279EEE009499F5 /* Service.swift */,
				B32329DB1F286F5D00409A2E /* Day.swift */,
				B34791431F30D4C300BF30F4 /* Order.swift */,
				B34791451F30D74500BF30F4 /* Dicounts.swift */,
			);
			name = Models;
			sourceTree = "<group>";
		};
		B31E60621EA256BD00F2CB77 /* Components */ = {
			isa = PBXGroup;
			children = (
				B34791521F30E2B700BF30F4 /* Authorization */,
				B32329E81F28D5BC00409A2E /* Settings */,
				B32329E71F28D5B100409A2E /* Discounts */,
				B32329E61F28D5A200409A2E /* Orders */,
				B32329E11F28BA3200409A2E /* Menu */,
				B306676E1F1A466300511AA5 /* PlaceDetails */,
				B31E60601EA2563D00F2CB77 /* Places List */,
				B31E60531EA23AC800F2CB77 /* Splash */,
			);
			name = Components;
			sourceTree = "<group>";
		};
		B31E60691EA2772200F2CB77 /* VC */ = {
			isa = PBXGroup;
			children = (
				B31E60791EA5156400F2CB77 /* List Cell */,
				B31E60671EA2771C00F2CB77 /* PlacesViewController.swift */,
				B31E606F1EA2AA1700F2CB77 /* PlacesListTableViewController.swift */,
				B31E60731EA388BE00F2CB77 /* PlacesMapViewController.swift */,
			);
			name = VC;
			sourceTree = "<group>";
		};
		B31E606C1EA27BD300F2CB77 /* VM */ = {
			isa = PBXGroup;
			children = (
				B31E606D1EA27C0000F2CB77 /* PlacesViewModel.swift */,
				B31E60711EA2AA2900F2CB77 /* PlacesListViewModel.swift */,
				B31E60751EA388D600F2CB77 /* PlacesMapViewModel.swift */,
				B31E60801EA5220900F2CB77 /* PlaceCellModel.swift */,
			);
			name = VM;
			sourceTree = "<group>";
		};
		B31E60791EA5156400F2CB77 /* List Cell */ = {
			isa = PBXGroup;
			children = (
				B31E607A1EA5159400F2CB77 /* PlaceTableViewCell.swift */,
				B31E607B1EA5159400F2CB77 /* PlaceTableViewCell.xib */,
			);
			name = "List Cell";
			sourceTree = "<group>";
		};
		B32329D41F28675800409A2E /* ServiceOrder */ = {
			isa = PBXGroup;
			children = (
				B32329D61F28678500409A2E /* VC */,
				B32329D51F28677E00409A2E /* VM */,
			);
			name = ServiceOrder;
			sourceTree = "<group>";
		};
		B32329D51F28677E00409A2E /* VM */ = {
			isa = PBXGroup;
			children = (
				B32329D91F2867FD00409A2E /* ServiceOrderViewModel.swift */,
			);
			name = VM;
			sourceTree = "<group>";
		};
		B32329D61F28678500409A2E /* VC */ = {
			isa = PBXGroup;
			children = (
				B32329D71F2867F000409A2E /* ServiceOrderViewController.swift */,
			);
			name = VC;
			sourceTree = "<group>";
		};
		B32329E11F28BA3200409A2E /* Menu */ = {
			isa = PBXGroup;
			children = (
				B32329E31F28BA3B00409A2E /* VM */,
				B32329E21F28BA3800409A2E /* VC */,
			);
			name = Menu;
			sourceTree = "<group>";
		};
		B32329E21F28BA3800409A2E /* VC */ = {
			isa = PBXGroup;
			children = (
				B32329E41F28BA5700409A2E /* MenuViewController.swift */,
			);
			name = VC;
			sourceTree = "<group>";
		};
		B32329E31F28BA3B00409A2E /* VM */ = {
			isa = PBXGroup;
			children = (
			);
			name = VM;
			sourceTree = "<group>";
		};
		B32329E61F28D5A200409A2E /* Orders */ = {
			isa = PBXGroup;
			children = (
				B34791261F30A28C00BF30F4 /* VC */,
				B34791251F30A28800BF30F4 /* VM */,
				B34791371F30A81800BF30F4 /* OrdersFlowCoordinator.swift */,
			);
			name = Orders;
			sourceTree = "<group>";
		};
		B32329E71F28D5B100409A2E /* Discounts */ = {
			isa = PBXGroup;
			children = (
				B34791241F30A28000BF30F4 /* VC */,
				B34791231F30A27A00BF30F4 /* VM */,
				B34791351F30A7E400BF30F4 /* DiscountsFlowCoordinator.swift */,
			);
			name = Discounts;
			sourceTree = "<group>";
		};
		B32329E81F28D5BC00409A2E /* Settings */ = {
			isa = PBXGroup;
			children = (
				B34791221F30A27500BF30F4 /* VC */,
				B34791211F30A26E00BF30F4 /* VM */,
				B34791331F30A5C100BF30F4 /* SettingsFlowCoordinator.swift */,
			);
			name = Settings;
			sourceTree = "<group>";
		};
		B33613351F17D47A00CFA22F /* Supporting files */ = {
			isa = PBXGroup;
			children = (
				B33613361F17D4FD00CFA22F /* placesList.json */,
				B39DD1481F27A345009499F5 /* servicesList.json */,
				B32329DD1F289A7C00409A2E /* userDiscounts.json */,
			);
			name = "Supporting files";
			sourceTree = "<group>";
		};
		B34791211F30A26E00BF30F4 /* VM */ = {
			isa = PBXGroup;
			children = (
				B34791491F30D7BD00BF30F4 /* SettingsViewModel.swift */,
			);
			name = VM;
			sourceTree = "<group>";
		};
		B34791221F30A27500BF30F4 /* VC */ = {
			isa = PBXGroup;
			children = (
				B34791271F30A2AE00BF30F4 /* SettingsViewController.swift */,
			);
			name = VC;
			sourceTree = "<group>";
		};
		B34791231F30A27A00BF30F4 /* VM */ = {
			isa = PBXGroup;
			children = (
				B34791471F30D7A400BF30F4 /* DiscountsViewModel.swift */,
			);
			name = VM;
			sourceTree = "<group>";
		};
		B34791241F30A28000BF30F4 /* VC */ = {
			isa = PBXGroup;
			children = (
				B347914B1F30D82400BF30F4 /* DiscountCell */,
				B34791291F30A2BE00BF30F4 /* DiscountsViewController.swift */,
			);
			name = VC;
			sourceTree = "<group>";
		};
		B34791251F30A28800BF30F4 /* VM */ = {
			isa = PBXGroup;
			children = (
				B34791411F30D33C00BF30F4 /* OrdersListViewModel.swift */,
			);
			name = VM;
			sourceTree = "<group>";
		};
		B34791261F30A28C00BF30F4 /* VC */ = {
			isa = PBXGroup;
			children = (
				B347913C1F30D1AC00BF30F4 /* OrderCell */,
				B347912B1F30A2CB00BF30F4 /* OrdersViewController.swift */,
			);
			name = VC;
			sourceTree = "<group>";
		};
		B347913C1F30D1AC00BF30F4 /* OrderCell */ = {
			isa = PBXGroup;
			children = (
				B347913D1F30D1E600BF30F4 /* OrderTableViewCell.swift */,
				B347913E1F30D1E600BF30F4 /* OrderTableViewCell.xib */,
			);
			name = OrderCell;
			sourceTree = "<group>";
		};
		B347914B1F30D82400BF30F4 /* DiscountCell */ = {
			isa = PBXGroup;
			children = (
				B347914C1F30D83A00BF30F4 /* DiscountTableViewCell.swift */,
				B347914D1F30D83A00BF30F4 /* DiscountTableViewCell.xib */,
			);
			name = DiscountCell;
			sourceTree = "<group>";
		};
		B34791521F30E2B700BF30F4 /* Authorization */ = {
			isa = PBXGroup;
			children = (
				B34791541F30E2CE00BF30F4 /* VC */,
				B34791531F30E2C500BF30F4 /* VM */,
				B34791571F30E44000BF30F4 /* AuthorizationFlowCoordinator.swift */,
			);
			name = Authorization;
			sourceTree = "<group>";
		};
		B34791531F30E2C500BF30F4 /* VM */ = {
			isa = PBXGroup;
			children = (
				B3C91D421F312AB80091D708 /* AuthorizationViewModel.swift */,
				B3C91D441F312AFD0091D708 /* LoginViewModel.swift */,
				B3C91D461F312B0D0091D708 /* RegisterViewModel.swift */,
			);
			name = VM;
			sourceTree = "<group>";
		};
		B34791541F30E2CE00BF30F4 /* VC */ = {
			isa = PBXGroup;
			children = (
				B34791551F30E2F400BF30F4 /* AuthorizationViewController.swift */,
				B3C91D3E1F312A3E0091D708 /* LoginViewController.swift */,
				B3C91D401F312A4C0091D708 /* RegisterViewController.swift */,
				B3C91D481F3141F70091D708 /* FormTableViewCell.swift */,
			);
			name = VC;
			sourceTree = "<group>";
		};
		B39DD1331F277368009499F5 /* Tools */ = {
			isa = PBXGroup;
			children = (
				B39DD1351F277377009499F5 /* GPS */,
				B39DD1341F277371009499F5 /* API */,
			);
			name = Tools;
			sourceTree = "<group>";
		};
		B39DD1341F277371009499F5 /* API */ = {
			isa = PBXGroup;
			children = (
				B312D7021F2C9CBB00AC85C8 /* API.swift */,
			);
			name = API;
			sourceTree = "<group>";
		};
		B39DD1351F277377009499F5 /* GPS */ = {
			isa = PBXGroup;
			children = (
				B39DD1361F2773C0009499F5 /* UserLocManager.swift */,
			);
			name = GPS;
			sourceTree = "<group>";
		};
		B39DD1381F27914B009499F5 /* PlaceServices */ = {
			isa = PBXGroup;
			children = (
				B39DD1391F279155009499F5 /* VM */,
				B39DD13A1F27915B009499F5 /* VC */,
			);
			name = PlaceServices;
			sourceTree = "<group>";
		};
		B39DD1391F279155009499F5 /* VM */ = {
			isa = PBXGroup;
			children = (
				B39DD1421F279C26009499F5 /* ServiceCellViewModel.swift */,
				B39DD1441F279EA7009499F5 /* PlaceServicesViewModel.swift */,
			);
			name = VM;
			sourceTree = "<group>";
		};
		B39DD13A1F27915B009499F5 /* VC */ = {
			isa = PBXGroup;
			children = (
				B39DD13D1F2799A2009499F5 /* Service Cell */,
				B39DD13B1F2791C9009499F5 /* PlaceServicesTableViewController.swift */,
			);
			name = VC;
			sourceTree = "<group>";
		};
		B39DD13D1F2799A2009499F5 /* Service Cell */ = {
			isa = PBXGroup;
			children = (
				B39DD13E1F279A21009499F5 /* ServiceTableViewCell.swift */,
				B39DD13F1F279A21009499F5 /* ServiceTableViewCell.xib */,
			);
			name = "Service Cell";
			sourceTree = "<group>";
		};
		B39DD14A1F27DD30009499F5 /* ServiceDetails */ = {
			isa = PBXGroup;
			children = (
				B39DD14C1F27DD47009499F5 /* VC */,
				B39DD14B1F27DD42009499F5 /* VM */,
			);
			name = ServiceDetails;
			sourceTree = "<group>";
		};
		B39DD14B1F27DD42009499F5 /* VM */ = {
			isa = PBXGroup;
			children = (
				B39DD14F1F27DF8A009499F5 /* ServiceDetailsViewModel.swift */,
			);
			name = VM;
			sourceTree = "<group>";
		};
		B39DD14C1F27DD47009499F5 /* VC */ = {
			isa = PBXGroup;
			children = (
				B39DD14D1F27DD65009499F5 /* ServiceDetailsViewController.swift */,
			);
			name = VC;
			sourceTree = "<group>";
		};
		FF0526BC44C9BA326C972C3E /* Pods */ = {
			isa = PBXGroup;
			children = (
				6F102590488CC764D2CF7EB3 /* Pods-Loyal mgr.debug.xcconfig */,
				B07A171D2354A91641B81D08 /* Pods-Loyal mgr.release.xcconfig */,
			);
			name = Pods;
			sourceTree = "<group>";
		};
/* End PBXGroup section */

/* Begin PBXNativeTarget section */
		B31E60191EA2390900F2CB77 /* Loyal mgr */ = {
			isa = PBXNativeTarget;
			buildConfigurationList = B31E60451EA2390900F2CB77 /* Build configuration list for PBXNativeTarget "Loyal mgr" */;
			buildPhases = (
				9A7283023FCA5E971C09EABE /* [CP] Check Pods Manifest.lock */,
				B31E60161EA2390900F2CB77 /* Sources */,
				B31E60171EA2390900F2CB77 /* Frameworks */,
				B31E60181EA2390900F2CB77 /* Resources */,
				CB2A47E2F2141E103486318C /* [CP] Embed Pods Frameworks */,
				331F6B67625F816333549B94 /* [CP] Copy Pods Resources */,
			);
			buildRules = (
			);
			dependencies = (
			);
			name = "Loyal mgr";
			productName = "Loyal mgr";
			productReference = B31E601A1EA2390900F2CB77 /* Loyal mgr.app */;
			productType = "com.apple.product-type.application";
		};
		B31E60301EA2390900F2CB77 /* Loyal mgrTests */ = {
			isa = PBXNativeTarget;
			buildConfigurationList = B31E60481EA2390900F2CB77 /* Build configuration list for PBXNativeTarget "Loyal mgrTests" */;
			buildPhases = (
				B31E602D1EA2390900F2CB77 /* Sources */,
				B31E602E1EA2390900F2CB77 /* Frameworks */,
				B31E602F1EA2390900F2CB77 /* Resources */,
			);
			buildRules = (
			);
			dependencies = (
				B31E60331EA2390900F2CB77 /* PBXTargetDependency */,
			);
			name = "Loyal mgrTests";
			productName = "Loyal mgrTests";
			productReference = B31E60311EA2390900F2CB77 /* Loyal mgrTests.xctest */;
			productType = "com.apple.product-type.bundle.unit-test";
		};
		B31E603B1EA2390900F2CB77 /* Loyal mgrUITests */ = {
			isa = PBXNativeTarget;
			buildConfigurationList = B31E604B1EA2390900F2CB77 /* Build configuration list for PBXNativeTarget "Loyal mgrUITests" */;
			buildPhases = (
				B31E60381EA2390900F2CB77 /* Sources */,
				B31E60391EA2390900F2CB77 /* Frameworks */,
				B31E603A1EA2390900F2CB77 /* Resources */,
			);
			buildRules = (
			);
			dependencies = (
				B31E603E1EA2390900F2CB77 /* PBXTargetDependency */,
			);
			name = "Loyal mgrUITests";
			productName = "Loyal mgrUITests";
			productReference = B31E603C1EA2390900F2CB77 /* Loyal mgrUITests.xctest */;
			productType = "com.apple.product-type.bundle.ui-testing";
		};
/* End PBXNativeTarget section */

/* Begin PBXProject section */
		B31E60121EA2390900F2CB77 /* Project object */ = {
			isa = PBXProject;
			attributes = {
				LastSwiftUpdateCheck = 0830;
				LastUpgradeCheck = 0830;
				ORGANIZATIONNAME = "Łukasz Szpyrka";
				TargetAttributes = {
					B31E60191EA2390900F2CB77 = {
						CreatedOnToolsVersion = 8.3;
						DevelopmentTeam = 3477FZ96PQ;
						ProvisioningStyle = Automatic;
					};
					B31E60301EA2390900F2CB77 = {
						CreatedOnToolsVersion = 8.3;
						DevelopmentTeam = 3477FZ96PQ;
						ProvisioningStyle = Automatic;
						TestTargetID = B31E60191EA2390900F2CB77;
					};
					B31E603B1EA2390900F2CB77 = {
						CreatedOnToolsVersion = 8.3;
						DevelopmentTeam = 3477FZ96PQ;
						ProvisioningStyle = Automatic;
						TestTargetID = B31E60191EA2390900F2CB77;
					};
				};
			};
			buildConfigurationList = B31E60151EA2390900F2CB77 /* Build configuration list for PBXProject "Loyal mgr" */;
			compatibilityVersion = "Xcode 3.2";
			developmentRegion = English;
			hasScannedForEncodings = 0;
			knownRegions = (
				en,
				Base,
			);
			mainGroup = B31E60111EA2390900F2CB77;
			productRefGroup = B31E601B1EA2390900F2CB77 /* Products */;
			projectDirPath = "";
			projectRoot = "";
			targets = (
				B31E60191EA2390900F2CB77 /* Loyal mgr */,
				B31E60301EA2390900F2CB77 /* Loyal mgrTests */,
				B31E603B1EA2390900F2CB77 /* Loyal mgrUITests */,
			);
		};
/* End PBXProject section */

/* Begin PBXResourcesBuildPhase section */
		B31E60181EA2390900F2CB77 /* Resources */ = {
			isa = PBXResourcesBuildPhase;
			buildActionMask = 2147483647;
			files = (
				B31E60831EA524EA00F2CB77 /* placeImg.jpg in Resources */,
				B31E602B1EA2390900F2CB77 /* LaunchScreen.storyboard in Resources */,
				B34791401F30D1E600BF30F4 /* OrderTableViewCell.xib in Resources */,
				B31E606B1EA2774100F2CB77 /* Places.storyboard in Resources */,
				B347914F1F30D83A00BF30F4 /* DiscountTableViewCell.xib in Resources */,
				B33613371F17D4FD00CFA22F /* placesList.json in Resources */,
				B31E605F1EA24B8400F2CB77 /* SplashScreen.storyboard in Resources */,
				B32329DE1F289A7C00409A2E /* userDiscounts.json in Resources */,
				B31E60281EA2390900F2CB77 /* Assets.xcassets in Resources */,
				B34791301F30A30900BF30F4 /* Orders.storyboard in Resources */,
				B31E60231EA2390900F2CB77 /* Main.storyboard in Resources */,
				B34791511F30E1C600BF30F4 /* Authorization.storyboard in Resources */,
				B31E607D1EA5159400F2CB77 /* PlaceTableViewCell.xib in Resources */,
				B32329E01F28B32200409A2E /* Podfile in Resources */,
				B34791321F30A31800BF30F4 /* Settings.storyboard in Resources */,
				B39DD1491F27A345009499F5 /* servicesList.json in Resources */,
				B30667721F1A4D1E00511AA5 /* PlaceDetails.storyboard in Resources */,
				B39DD1411F279A21009499F5 /* ServiceTableViewCell.xib in Resources */,
				B347912E1F30A2FC00BF30F4 /* Discounts.storyboard in Resources */,
			);
			runOnlyForDeploymentPostprocessing = 0;
		};
		B31E602F1EA2390900F2CB77 /* Resources */ = {
			isa = PBXResourcesBuildPhase;
			buildActionMask = 2147483647;
			files = (
			);
			runOnlyForDeploymentPostprocessing = 0;
		};
		B31E603A1EA2390900F2CB77 /* Resources */ = {
			isa = PBXResourcesBuildPhase;
			buildActionMask = 2147483647;
			files = (
			);
			runOnlyForDeploymentPostprocessing = 0;
		};
/* End PBXResourcesBuildPhase section */

/* Begin PBXShellScriptBuildPhase section */
		331F6B67625F816333549B94 /* [CP] Copy Pods Resources */ = {
			isa = PBXShellScriptBuildPhase;
			buildActionMask = 2147483647;
			files = (
			);
			inputPaths = (
			);
			name = "[CP] Copy Pods Resources";
			outputPaths = (
			);
			runOnlyForDeploymentPostprocessing = 0;
			shellPath = /bin/sh;
			shellScript = "\"${SRCROOT}/Pods/Target Support Files/Pods-Loyal mgr/Pods-Loyal mgr-resources.sh\"\n";
			showEnvVarsInLog = 0;
		};
		9A7283023FCA5E971C09EABE /* [CP] Check Pods Manifest.lock */ = {
			isa = PBXShellScriptBuildPhase;
			buildActionMask = 2147483647;
			files = (
			);
			inputPaths = (
			);
			name = "[CP] Check Pods Manifest.lock";
			outputPaths = (
			);
			runOnlyForDeploymentPostprocessing = 0;
			shellPath = /bin/sh;
			shellScript = "diff \"${PODS_ROOT}/../Podfile.lock\" \"${PODS_ROOT}/Manifest.lock\" > /dev/null\nif [ $? != 0 ] ; then\n    # print error to STDERR\n    echo \"error: The sandbox is not in sync with the Podfile.lock. Run 'pod install' or update your CocoaPods installation.\" >&2\n    exit 1\nfi\n";
			showEnvVarsInLog = 0;
		};
		CB2A47E2F2141E103486318C /* [CP] Embed Pods Frameworks */ = {
			isa = PBXShellScriptBuildPhase;
			buildActionMask = 2147483647;
			files = (
			);
			inputPaths = (
			);
			name = "[CP] Embed Pods Frameworks";
			outputPaths = (
			);
			runOnlyForDeploymentPostprocessing = 0;
			shellPath = /bin/sh;
			shellScript = "\"${SRCROOT}/Pods/Target Support Files/Pods-Loyal mgr/Pods-Loyal mgr-frameworks.sh\"\n";
			showEnvVarsInLog = 0;
		};
/* End PBXShellScriptBuildPhase section */

/* Begin PBXSourcesBuildPhase section */
		B31E60161EA2390900F2CB77 /* Sources */ = {
			isa = PBXSourcesBuildPhase;
			buildActionMask = 2147483647;
			files = (
				B39DD1431F279C26009499F5 /* ServiceCellViewModel.swift in Sources */,
				B347914A1F30D7BD00BF30F4 /* SettingsViewModel.swift in Sources */,
				B34791381F30A81800BF30F4 /* OrdersFlowCoordinator.swift in Sources */,
				B31E60761EA388D600F2CB77 /* PlacesMapViewModel.swift in Sources */,
				B32329DC1F286F5D00409A2E /* Day.swift in Sources */,
				B39DD1401F279A21009499F5 /* ServiceTableViewCell.swift in Sources */,
				B32329E51F28BA5700409A2E /* MenuViewController.swift in Sources */,
				B3C91D451F312AFD0091D708 /* LoginViewModel.swift in Sources */,
				B31E60501EA23A5600F2CB77 /* FlowCoordinator.swift in Sources */,
				B32329D81F2867F000409A2E /* ServiceOrderViewController.swift in Sources */,
				B31E60261EA2390900F2CB77 /* Loyal_mgr.xcdatamodeld in Sources */,
				B39DD1471F279EEE009499F5 /* Service.swift in Sources */,
				B31E60721EA2AA2900F2CB77 /* PlacesListViewModel.swift in Sources */,
				B31E60681EA2771C00F2CB77 /* PlacesViewController.swift in Sources */,
				B30667701F1A4ACE00511AA5 /* PlaceDetailsFlowCoordinator.swift in Sources */,
				B34791581F30E44000BF30F4 /* AuthorizationFlowCoordinator.swift in Sources */,
				B31E60201EA2390900F2CB77 /* ViewController.swift in Sources */,
				B31E60661EA276D500F2CB77 /* PlacesFlowCoordinator.swift in Sources */,
				B31E60701EA2AA1700F2CB77 /* PlacesListTableViewController.swift in Sources */,
				B32329DA1F2867FD00409A2E /* ServiceOrderViewModel.swift in Sources */,
				B306677B1F1A4DE400511AA5 /* PlaceDetailsViewController.swift in Sources */,
				B31E60741EA388BE00F2CB77 /* PlacesMapViewController.swift in Sources */,
				B31E60641EA2570000F2CB77 /* Place.swift in Sources */,
				B347912C1F30A2CB00BF30F4 /* OrdersViewController.swift in Sources */,
				B31E606E1EA27C0000F2CB77 /* PlacesViewModel.swift in Sources */,
				B34791341F30A5C100BF30F4 /* SettingsFlowCoordinator.swift in Sources */,
				B31E60781EA3935A00F2CB77 /* Segmentation.swift in Sources */,
				B39DD1451F279EA7009499F5 /* PlaceServicesViewModel.swift in Sources */,
				B347914E1F30D83A00BF30F4 /* DiscountTableViewCell.swift in Sources */,
				B31E60581EA23B2A00F2CB77 /* SplashViewController.swift in Sources */,
				B34791361F30A7E400BF30F4 /* DiscountsFlowCoordinator.swift in Sources */,
				B3C91D411F312A4C0091D708 /* RegisterViewController.swift in Sources */,
				B34791421F30D33C00BF30F4 /* OrdersListViewModel.swift in Sources */,
				B34791281F30A2AE00BF30F4 /* SettingsViewController.swift in Sources */,
				B34791481F30D7A400BF30F4 /* DiscountsViewModel.swift in Sources */,
				B31E60811EA5220900F2CB77 /* PlaceCellModel.swift in Sources */,
				B31E605A1EA2443D00F2CB77 /* MainFlowCoordinator.swift in Sources */,
				B39DD1371F2773C0009499F5 /* UserLocManager.swift in Sources */,
				B347912A1F30A2BE00BF30F4 /* DiscountsViewController.swift in Sources */,
				B34791561F30E2F400BF30F4 /* AuthorizationViewController.swift in Sources */,
				B3C91D3F1F312A3E0091D708 /* LoginViewController.swift in Sources */,
				B3C91D431F312AB80091D708 /* AuthorizationViewModel.swift in Sources */,
				B39DD1501F27DF8A009499F5 /* ServiceDetailsViewModel.swift in Sources */,
				B3C91D471F312B0D0091D708 /* RegisterViewModel.swift in Sources */,
				B34791461F30D74500BF30F4 /* Dicounts.swift in Sources */,
				B347913F1F30D1E600BF30F4 /* OrderTableViewCell.swift in Sources */,
				B39DD13C1F2791C9009499F5 /* PlaceServicesTableViewController.swift in Sources */,
				B39DD14E1F27DD65009499F5 /* ServiceDetailsViewController.swift in Sources */,
				B3C91D491F3141F70091D708 /* FormTableViewCell.swift in Sources */,
				B31E60551EA23AF800F2CB77 /* SplashFlowCoordinator.swift in Sources */,
				B34791441F30D4C300BF30F4 /* Order.swift in Sources */,
				B30667791F1A4DD500511AA5 /* PlaceDetailsViewModel.swift in Sources */,
				B31E607C1EA5159400F2CB77 /* PlaceTableViewCell.swift in Sources */,
				B312D7031F2C9CBB00AC85C8 /* API.swift in Sources */,
				B31E601E1EA2390900F2CB77 /* AppDelegate.swift in Sources */,
			);
			runOnlyForDeploymentPostprocessing = 0;
		};
		B31E602D1EA2390900F2CB77 /* Sources */ = {
			isa = PBXSourcesBuildPhase;
			buildActionMask = 2147483647;
			files = (
				B31E60361EA2390900F2CB77 /* Loyal_mgrTests.swift in Sources */,
			);
			runOnlyForDeploymentPostprocessing = 0;
		};
		B31E60381EA2390900F2CB77 /* Sources */ = {
			isa = PBXSourcesBuildPhase;
			buildActionMask = 2147483647;
			files = (
				B31E60411EA2390900F2CB77 /* Loyal_mgrUITests.swift in Sources */,
			);
			runOnlyForDeploymentPostprocessing = 0;
		};
/* End PBXSourcesBuildPhase section */

/* Begin PBXTargetDependency section */
		B31E60331EA2390900F2CB77 /* PBXTargetDependency */ = {
			isa = PBXTargetDependency;
			target = B31E60191EA2390900F2CB77 /* Loyal mgr */;
			targetProxy = B31E60321EA2390900F2CB77 /* PBXContainerItemProxy */;
		};
		B31E603E1EA2390900F2CB77 /* PBXTargetDependency */ = {
			isa = PBXTargetDependency;
			target = B31E60191EA2390900F2CB77 /* Loyal mgr */;
			targetProxy = B31E603D1EA2390900F2CB77 /* PBXContainerItemProxy */;
		};
/* End PBXTargetDependency section */

/* Begin PBXVariantGroup section */
		B31E60211EA2390900F2CB77 /* Main.storyboard */ = {
			isa = PBXVariantGroup;
			children = (
				B31E60221EA2390900F2CB77 /* Base */,
			);
			name = Main.storyboard;
			sourceTree = "<group>";
		};
		B31E60291EA2390900F2CB77 /* LaunchScreen.storyboard */ = {
			isa = PBXVariantGroup;
			children = (
				B31E602A1EA2390900F2CB77 /* Base */,
			);
			name = LaunchScreen.storyboard;
			sourceTree = "<group>";
		};
/* End PBXVariantGroup section */

/* Begin XCBuildConfiguration section */
		B31E60431EA2390900F2CB77 /* Debug */ = {
			isa = XCBuildConfiguration;
			buildSettings = {
				ALWAYS_SEARCH_USER_PATHS = NO;
				CLANG_ANALYZER_NONNULL = YES;
				CLANG_ANALYZER_NUMBER_OBJECT_CONVERSION = YES_AGGRESSIVE;
				CLANG_CXX_LANGUAGE_STANDARD = "gnu++0x";
				CLANG_CXX_LIBRARY = "libc++";
				CLANG_ENABLE_MODULES = YES;
				CLANG_ENABLE_OBJC_ARC = YES;
				CLANG_WARN_BOOL_CONVERSION = YES;
				CLANG_WARN_CONSTANT_CONVERSION = YES;
				CLANG_WARN_DIRECT_OBJC_ISA_USAGE = YES_ERROR;
				CLANG_WARN_DOCUMENTATION_COMMENTS = YES;
				CLANG_WARN_EMPTY_BODY = YES;
				CLANG_WARN_ENUM_CONVERSION = YES;
				CLANG_WARN_INFINITE_RECURSION = YES;
				CLANG_WARN_INT_CONVERSION = YES;
				CLANG_WARN_OBJC_ROOT_CLASS = YES_ERROR;
				CLANG_WARN_SUSPICIOUS_MOVE = YES;
				CLANG_WARN_UNREACHABLE_CODE = YES;
				CLANG_WARN__DUPLICATE_METHOD_MATCH = YES;
				"CODE_SIGN_IDENTITY[sdk=iphoneos*]" = "iPhone Developer";
				COPY_PHASE_STRIP = NO;
				DEBUG_INFORMATION_FORMAT = dwarf;
				ENABLE_STRICT_OBJC_MSGSEND = YES;
				ENABLE_TESTABILITY = YES;
				GCC_C_LANGUAGE_STANDARD = gnu99;
				GCC_DYNAMIC_NO_PIC = NO;
				GCC_NO_COMMON_BLOCKS = YES;
				GCC_OPTIMIZATION_LEVEL = 0;
				GCC_PREPROCESSOR_DEFINITIONS = (
					"DEBUG=1",
					"$(inherited)",
				);
				GCC_WARN_64_TO_32_BIT_CONVERSION = YES;
				GCC_WARN_ABOUT_RETURN_TYPE = YES_ERROR;
				GCC_WARN_UNDECLARED_SELECTOR = YES;
				GCC_WARN_UNINITIALIZED_AUTOS = YES_AGGRESSIVE;
				GCC_WARN_UNUSED_FUNCTION = YES;
				GCC_WARN_UNUSED_VARIABLE = YES;
				IPHONEOS_DEPLOYMENT_TARGET = 10.3;
				MTL_ENABLE_DEBUG_INFO = YES;
				ONLY_ACTIVE_ARCH = YES;
				SDKROOT = iphoneos;
				SWIFT_ACTIVE_COMPILATION_CONDITIONS = DEBUG;
				SWIFT_OPTIMIZATION_LEVEL = "-Onone";
				TARGETED_DEVICE_FAMILY = "1,2";
			};
			name = Debug;
		};
		B31E60441EA2390900F2CB77 /* Release */ = {
			isa = XCBuildConfiguration;
			buildSettings = {
				ALWAYS_SEARCH_USER_PATHS = NO;
				CLANG_ANALYZER_NONNULL = YES;
				CLANG_ANALYZER_NUMBER_OBJECT_CONVERSION = YES_AGGRESSIVE;
				CLANG_CXX_LANGUAGE_STANDARD = "gnu++0x";
				CLANG_CXX_LIBRARY = "libc++";
				CLANG_ENABLE_MODULES = YES;
				CLANG_ENABLE_OBJC_ARC = YES;
				CLANG_WARN_BOOL_CONVERSION = YES;
				CLANG_WARN_CONSTANT_CONVERSION = YES;
				CLANG_WARN_DIRECT_OBJC_ISA_USAGE = YES_ERROR;
				CLANG_WARN_DOCUMENTATION_COMMENTS = YES;
				CLANG_WARN_EMPTY_BODY = YES;
				CLANG_WARN_ENUM_CONVERSION = YES;
				CLANG_WARN_INFINITE_RECURSION = YES;
				CLANG_WARN_INT_CONVERSION = YES;
				CLANG_WARN_OBJC_ROOT_CLASS = YES_ERROR;
				CLANG_WARN_SUSPICIOUS_MOVE = YES;
				CLANG_WARN_UNREACHABLE_CODE = YES;
				CLANG_WARN__DUPLICATE_METHOD_MATCH = YES;
				"CODE_SIGN_IDENTITY[sdk=iphoneos*]" = "iPhone Developer";
				COPY_PHASE_STRIP = NO;
				DEBUG_INFORMATION_FORMAT = "dwarf-with-dsym";
				ENABLE_NS_ASSERTIONS = NO;
				ENABLE_STRICT_OBJC_MSGSEND = YES;
				GCC_C_LANGUAGE_STANDARD = gnu99;
				GCC_NO_COMMON_BLOCKS = YES;
				GCC_WARN_64_TO_32_BIT_CONVERSION = YES;
				GCC_WARN_ABOUT_RETURN_TYPE = YES_ERROR;
				GCC_WARN_UNDECLARED_SELECTOR = YES;
				GCC_WARN_UNINITIALIZED_AUTOS = YES_AGGRESSIVE;
				GCC_WARN_UNUSED_FUNCTION = YES;
				GCC_WARN_UNUSED_VARIABLE = YES;
				IPHONEOS_DEPLOYMENT_TARGET = 10.3;
				MTL_ENABLE_DEBUG_INFO = NO;
				SDKROOT = iphoneos;
				SWIFT_OPTIMIZATION_LEVEL = "-Owholemodule";
				TARGETED_DEVICE_FAMILY = "1,2";
				VALIDATE_PRODUCT = YES;
			};
			name = Release;
		};
		B31E60461EA2390900F2CB77 /* Debug */ = {
			isa = XCBuildConfiguration;
			baseConfigurationReference = 6F102590488CC764D2CF7EB3 /* Pods-Loyal mgr.debug.xcconfig */;
			buildSettings = {
				ASSETCATALOG_COMPILER_APPICON_NAME = AppIcon;
				DEVELOPMENT_TEAM = 3477FZ96PQ;
				INFOPLIST_FILE = "Loyal mgr/Info.plist";
				LD_RUNPATH_SEARCH_PATHS = "$(inherited) @executable_path/Frameworks";
				PRODUCT_BUNDLE_IDENTIFIER = "pl.Applicore.Loyal-mgr";
				PRODUCT_NAME = "$(TARGET_NAME)";
				SWIFT_VERSION = 3.0;
			};
			name = Debug;
		};
		B31E60471EA2390900F2CB77 /* Release */ = {
			isa = XCBuildConfiguration;
			baseConfigurationReference = B07A171D2354A91641B81D08 /* Pods-Loyal mgr.release.xcconfig */;
			buildSettings = {
				ASSETCATALOG_COMPILER_APPICON_NAME = AppIcon;
				DEVELOPMENT_TEAM = 3477FZ96PQ;
				INFOPLIST_FILE = "Loyal mgr/Info.plist";
				LD_RUNPATH_SEARCH_PATHS = "$(inherited) @executable_path/Frameworks";
				PRODUCT_BUNDLE_IDENTIFIER = "pl.Applicore.Loyal-mgr";
				PRODUCT_NAME = "$(TARGET_NAME)";
				SWIFT_VERSION = 3.0;
			};
			name = Release;
		};
		B31E60491EA2390900F2CB77 /* Debug */ = {
			isa = XCBuildConfiguration;
			buildSettings = {
				ALWAYS_EMBED_SWIFT_STANDARD_LIBRARIES = YES;
				BUNDLE_LOADER = "$(TEST_HOST)";
				DEVELOPMENT_TEAM = 3477FZ96PQ;
				INFOPLIST_FILE = "Loyal mgrTests/Info.plist";
				LD_RUNPATH_SEARCH_PATHS = "$(inherited) @executable_path/Frameworks @loader_path/Frameworks";
				PRODUCT_BUNDLE_IDENTIFIER = "pl.Applicore.Loyal-mgrTests";
				PRODUCT_NAME = "$(TARGET_NAME)";
				SWIFT_VERSION = 3.0;
				TEST_HOST = "$(BUILT_PRODUCTS_DIR)/Loyal mgr.app/Loyal mgr";
			};
			name = Debug;
		};
		B31E604A1EA2390900F2CB77 /* Release */ = {
			isa = XCBuildConfiguration;
			buildSettings = {
				ALWAYS_EMBED_SWIFT_STANDARD_LIBRARIES = YES;
				BUNDLE_LOADER = "$(TEST_HOST)";
				DEVELOPMENT_TEAM = 3477FZ96PQ;
				INFOPLIST_FILE = "Loyal mgrTests/Info.plist";
				LD_RUNPATH_SEARCH_PATHS = "$(inherited) @executable_path/Frameworks @loader_path/Frameworks";
				PRODUCT_BUNDLE_IDENTIFIER = "pl.Applicore.Loyal-mgrTests";
				PRODUCT_NAME = "$(TARGET_NAME)";
				SWIFT_VERSION = 3.0;
				TEST_HOST = "$(BUILT_PRODUCTS_DIR)/Loyal mgr.app/Loyal mgr";
			};
			name = Release;
		};
		B31E604C1EA2390900F2CB77 /* Debug */ = {
			isa = XCBuildConfiguration;
			buildSettings = {
				ALWAYS_EMBED_SWIFT_STANDARD_LIBRARIES = YES;
				DEVELOPMENT_TEAM = 3477FZ96PQ;
				INFOPLIST_FILE = "Loyal mgrUITests/Info.plist";
				LD_RUNPATH_SEARCH_PATHS = "$(inherited) @executable_path/Frameworks @loader_path/Frameworks";
				PRODUCT_BUNDLE_IDENTIFIER = "pl.Applicore.Loyal-mgrUITests";
				PRODUCT_NAME = "$(TARGET_NAME)";
				SWIFT_VERSION = 3.0;
				TEST_TARGET_NAME = "Loyal mgr";
			};
			name = Debug;
		};
		B31E604D1EA2390900F2CB77 /* Release */ = {
			isa = XCBuildConfiguration;
			buildSettings = {
				ALWAYS_EMBED_SWIFT_STANDARD_LIBRARIES = YES;
				DEVELOPMENT_TEAM = 3477FZ96PQ;
				INFOPLIST_FILE = "Loyal mgrUITests/Info.plist";
				LD_RUNPATH_SEARCH_PATHS = "$(inherited) @executable_path/Frameworks @loader_path/Frameworks";
				PRODUCT_BUNDLE_IDENTIFIER = "pl.Applicore.Loyal-mgrUITests";
				PRODUCT_NAME = "$(TARGET_NAME)";
				SWIFT_VERSION = 3.0;
				TEST_TARGET_NAME = "Loyal mgr";
			};
			name = Release;
		};
/* End XCBuildConfiguration section */

/* Begin XCConfigurationList section */
		B31E60151EA2390900F2CB77 /* Build configuration list for PBXProject "Loyal mgr" */ = {
			isa = XCConfigurationList;
			buildConfigurations = (
				B31E60431EA2390900F2CB77 /* Debug */,
				B31E60441EA2390900F2CB77 /* Release */,
			);
			defaultConfigurationIsVisible = 0;
			defaultConfigurationName = Release;
		};
		B31E60451EA2390900F2CB77 /* Build configuration list for PBXNativeTarget "Loyal mgr" */ = {
			isa = XCConfigurationList;
			buildConfigurations = (
				B31E60461EA2390900F2CB77 /* Debug */,
				B31E60471EA2390900F2CB77 /* Release */,
			);
			defaultConfigurationIsVisible = 0;
			defaultConfigurationName = Release;
		};
		B31E60481EA2390900F2CB77 /* Build configuration list for PBXNativeTarget "Loyal mgrTests" */ = {
			isa = XCConfigurationList;
			buildConfigurations = (
				B31E60491EA2390900F2CB77 /* Debug */,
				B31E604A1EA2390900F2CB77 /* Release */,
			);
			defaultConfigurationIsVisible = 0;
			defaultConfigurationName = Release;
		};
		B31E604B1EA2390900F2CB77 /* Build configuration list for PBXNativeTarget "Loyal mgrUITests" */ = {
			isa = XCConfigurationList;
			buildConfigurations = (
				B31E604C1EA2390900F2CB77 /* Debug */,
				B31E604D1EA2390900F2CB77 /* Release */,
			);
			defaultConfigurationIsVisible = 0;
			defaultConfigurationName = Release;
		};
/* End XCConfigurationList section */

/* Begin XCVersionGroup section */
		B31E60241EA2390900F2CB77 /* Loyal_mgr.xcdatamodeld */ = {
			isa = XCVersionGroup;
			children = (
				B31E60251EA2390900F2CB77 /* Loyal_mgr.xcdatamodel */,
			);
			currentVersion = B31E60251EA2390900F2CB77 /* Loyal_mgr.xcdatamodel */;
			path = Loyal_mgr.xcdatamodeld;
			sourceTree = "<group>";
			versionGroupType = wrapper.xcdatamodel;
		};
/* End XCVersionGroup section */
	};
	rootObject = B31E60121EA2390900F2CB77 /* Project object */;
}
